{
  "lockfileVersion": 1,
  "workspaces": {
    "": {
      "name": "readarr-dump",
      "dependencies": {
        "@cospired/i18n-iso-languages": "^4.2.0",
        "ansi-colors": "^4.1.3",
        "chrono-node": "^2.7.9",
        "cron": "^3.5.0",
        "fejl": "^3.0.1",
        "franc": "^6.2.0",
        "isbn3": "^1.2.8",
        "itty-router": "^5.0.18",
        "leven": "^4.0.0",
        "pg": "^8.14.1",
        "pg-tsquery": "^8.4.2",
      },
      "devDependencies": {
        "@types/bun": "^1.2.8",
        "typescript": "^5.8.2",
      },
    },
  },
  "packages": {
    "@cospired/i18n-iso-languages": ["@cospired/i18n-iso-languages@4.2.0", "", {}, "sha512-vy8cq1176MTxVwB1X9niQjcIYOH29F8Huxtx8hLmT5Uz3l1ztGDGri8KN/4zE7LV2mCT7JrcAoNV/I9yb+lNUw=="],

    "@types/bun": ["@types/bun@1.2.9", "", { "dependencies": { "bun-types": "1.2.9" } }, "sha512-epShhLGQYc4Bv/aceHbmBhOz1XgUnuTZgcxjxk+WXwNyDXavv5QHD1QEFV0FwbTSQtNq6g4ZcV6y0vZakTjswg=="],

    "@types/luxon": ["@types/luxon@3.4.2", "", {}, "sha512-TifLZlFudklWlMBfhubvgqTXRzLDI5pCbGa4P8a3wPyUQSW+1xQ5eDsreP9DWHX3tjq1ke96uYG/nwundroWcA=="],

    "@types/node": ["@types/node@20.12.14", "", { "dependencies": { "undici-types": "~5.26.4" } }, "sha512-scnD59RpYD91xngrQQLGkE+6UrHUPzeKZWhhjBSa3HSkwjbQc38+q3RoIVEwxQGRw3M+j5hpNAM+lgV3cVormg=="],

    "@types/ws": ["@types/ws@8.5.12", "", { "dependencies": { "@types/node": "*" } }, "sha512-3tPRkv1EtkDpzlgyKyI8pGsGZAGPEaXeu0DOj5DI25Ja91bdAYddYHbADRYVrZMRbfW+1l5YwXVDKohDJNQxkQ=="],

    "ansi-colors": ["ansi-colors@4.1.3", "", {}, "sha512-/6w/C21Pm1A7aZitlI5Ni/2J6FFQN8i1Cvz3kHABAAbw93v/NlvKdVOqz7CCWz/3iv/JplRSEEZ83XION15ovw=="],

    "bun-types": ["bun-types@1.2.9", "", { "dependencies": { "@types/node": "*", "@types/ws": "*" } }, "sha512-dk/kOEfQbajENN/D6FyiSgOKEuUi9PWfqKQJEgwKrCMWbjS/S6tEXp178mWvWAcUSYm9ArDlWHZKO3T/4cLXiw=="],

    "chrono-node": ["chrono-node@2.8.0", "", { "dependencies": { "dayjs": "^1.10.0" } }, "sha512-//a/HhnCQ4zFHxRfi1m+jQwr8o0Gxsg0GUjZ39O6ud9lkhrnuLGX1oOKjGsivm9AVMS79cn0PmTa6JCRlzgfWA=="],

    "collapse-white-space": ["collapse-white-space@2.1.0", "", {}, "sha512-loKTxY1zCOuG4j9f6EPnuyyYkf58RnhhWTvRoZEokgB+WbdXehfjFviyOVYkqzEWz1Q5kRiZdBYS5SwxbQYwzw=="],

    "cron": ["cron@3.5.0", "", { "dependencies": { "@types/luxon": "~3.4.0", "luxon": "~3.5.0" } }, "sha512-0eYZqCnapmxYcV06uktql93wNWdlTmmBFP2iYz+JPVcQqlyFYcn1lFuIk4R54pkOmE7mcldTAPZv6X5XA4Q46A=="],

    "dayjs": ["dayjs@1.11.13", "", {}, "sha512-oaMBel6gjolK862uaPQOVTA7q3TZhuSvuMQAAglQDOWYO9A91IrAOUJEyKVlqJlHE0vq5p5UXxzdPfMH/x6xNg=="],

    "fejl": ["fejl@3.0.1", "", { "dependencies": { "make-error": "^1.3.6", "tslib": "^2.4.0" } }, "sha512-p/L4w4bnWchbd7ItsligccfWNba3jYALW6eSlV9G0WvuyTU4sL1+RahvOeY2huwSU/UNNl8ogjQTT3L0UGJF0w=="],

    "franc": ["franc@6.2.0", "", { "dependencies": { "trigram-utils": "^2.0.0" } }, "sha512-rcAewP7PSHvjq7Kgd7dhj82zE071kX5B4W1M4ewYMf/P+i6YsDQmj62Xz3VQm9zyUzUXwhIde/wHLGCMrM+yGg=="],

    "isbn3": ["isbn3@1.2.9", "", { "bin": { "isbn": "bin/isbn", "isbn-audit": "bin/isbn-audit", "isbn-checksum": "bin/isbn-checksum" } }, "sha512-1pdNVECL6vmjwHXUmSrrW90SF7cqGX6Zx6BoIO3+Rju/BFkyjjZsxZoWHVP5gRsESC2MOW3N1mPAWrQVEnCz0w=="],

    "itty-router": ["itty-router@5.0.18", "", {}, "sha512-mK3ReOt4ARAGy0V0J7uHmArG2USN2x0zprZ+u+YgmeRjXTDbaowDy3kPcsmQY6tH+uHhDgpWit9Vqmv/4rTXwA=="],

    "leven": ["leven@4.0.0", "", {}, "sha512-puehA3YKku3osqPlNuzGDUHq8WpwXupUg1V6NXdV38G+gr+gkBwFC8g1b/+YcIvp8gnqVIus+eJCH/eGsRmJNw=="],

    "luxon": ["luxon@3.5.0", "", {}, "sha512-rh+Zjr6DNfUYR3bPwJEnuwDdqMbxZW7LOQfUN4B54+Cl+0o5zaU9RJ6bcidfDtC1cWCZXQ+nvX8bf6bAji37QQ=="],

    "make-error": ["make-error@1.3.6", "", {}, "sha512-s8UhlNe7vPKomQhC1qFelMokr/Sc3AgNbso3n74mVPA5LTZwkB9NlXf4XPamLxJE8h0gh73rM94xvwRT2CVInw=="],

    "n-gram": ["n-gram@2.0.2", "", {}, "sha512-S24aGsn+HLBxUGVAUFOwGpKs7LBcG4RudKU//eWzt/mQ97/NMKQxDWHyHx63UNWk/OOdihgmzoETn1tf5nQDzQ=="],

    "pg": ["pg@8.14.1", "", { "dependencies": { "pg-connection-string": "^2.7.0", "pg-pool": "^3.8.0", "pg-protocol": "^1.8.0", "pg-types": "^2.1.0", "pgpass": "1.x" }, "optionalDependencies": { "pg-cloudflare": "^1.1.1" }, "peerDependencies": { "pg-native": ">=3.0.1" }, "optionalPeers": ["pg-native"] }, "sha512-0TdbqfjwIun9Fm/r89oB7RFQ0bLgduAhiIqIXOsyKoiC/L54DbuAAzIEN/9Op0f1Po9X7iCPXGoa/Ah+2aI8Xw=="],

    "pg-cloudflare": ["pg-cloudflare@1.1.1", "", {}, "sha512-xWPagP/4B6BgFO+EKz3JONXv3YDgvkbVrGw2mTo3D6tVDQRh1e7cqVGvyR3BE+eQgAvx1XhW/iEASj4/jCWl3Q=="],

    "pg-connection-string": ["pg-connection-string@2.7.0", "", {}, "sha512-PI2W9mv53rXJQEOb8xNR8lH7Hr+EKa6oJa38zsK0S/ky2er16ios1wLKhZyxzD7jUReiWokc9WK5nxSnC7W1TA=="],

    "pg-int8": ["pg-int8@1.0.1", "", {}, "sha512-WCtabS6t3c8SkpDBUlb1kjOs7l66xsGdKpIPZsg4wR+B3+u9UAum2odSsF9tnvxg80h4ZxLWMy4pRjOsFIqQpw=="],

    "pg-pool": ["pg-pool@3.8.0", "", { "peerDependencies": { "pg": ">=8.0" } }, "sha512-VBw3jiVm6ZOdLBTIcXLNdSotb6Iy3uOCwDGFAksZCXmi10nyRvnP2v3jl4d+IsLYRyXf6o9hIm/ZtUzlByNUdw=="],

    "pg-protocol": ["pg-protocol@1.8.0", "", {}, "sha512-jvuYlEkL03NRvOoyoRktBK7+qU5kOvlAwvmrH8sr3wbLrOdVWsRxQfz8mMy9sZFsqJ1hEWNfdWKI4SAmoL+j7g=="],

    "pg-tsquery": ["pg-tsquery@8.4.2", "", {}, "sha512-waJSlBIKE+shDhuDpuQglTH6dG5zakDhnrnxu8XB8V5c7yoDSuy4pOxY6t2dyoxTjaKMcMmlByJN7n9jx9eqMA=="],

    "pg-types": ["pg-types@2.2.0", "", { "dependencies": { "pg-int8": "1.0.1", "postgres-array": "~2.0.0", "postgres-bytea": "~1.0.0", "postgres-date": "~1.0.4", "postgres-interval": "^1.1.0" } }, "sha512-qTAAlrEsl8s4OiEQY69wDvcMIdQN6wdz5ojQiOy6YRMuynxenON0O5oCpJI6lshc6scgAY8qvJ2On/p+CXY0GA=="],

    "pgpass": ["pgpass@1.0.5", "", { "dependencies": { "split2": "^4.1.0" } }, "sha512-FdW9r/jQZhSeohs1Z3sI1yxFQNFvMcnmfuj4WBMUTxOrAyLMaTcE1aAMBiTlbMNaXvBCQuVi0R7hd8udDSP7ug=="],

    "postgres-array": ["postgres-array@2.0.0", "", {}, "sha512-VpZrUqU5A69eQyW2c5CA1jtLecCsN2U/bD6VilrFDWq5+5UIEVO7nazS3TEcHf1zuPYO/sqGvUvW62g86RXZuA=="],

    "postgres-bytea": ["postgres-bytea@1.0.0", "", {}, "sha512-xy3pmLuQqRBZBXDULy7KbaitYqLcmxigw14Q5sj8QBVLqEwXfeybIKVWiqAXTlcvdvb0+xkOtDbfQMOf4lST1w=="],

    "postgres-date": ["postgres-date@1.0.7", "", {}, "sha512-suDmjLVQg78nMK2UZ454hAG+OAW+HQPZ6n++TNDUX+L0+uUlLywnoxJKDou51Zm+zTCjrCl0Nq6J9C5hP9vK/Q=="],

    "postgres-interval": ["postgres-interval@1.2.0", "", { "dependencies": { "xtend": "^4.0.0" } }, "sha512-9ZhXKM/rw350N1ovuWHbGxnGh/SNJ4cnxHiM0rxE4VN41wsg8P8zWn9hv/buK00RP4WvlOyr/RBDiptyxVbkZQ=="],

    "split2": ["split2@4.2.0", "", {}, "sha512-UcjcJOWknrNkF6PLX83qcHM6KHgVKNkV62Y8a5uYDVv9ydGQVwAHMKqHdJje1VTWpljG0WYpCDhrCdAOYH4TWg=="],

    "trigram-utils": ["trigram-utils@2.0.1", "", { "dependencies": { "collapse-white-space": "^2.0.0", "n-gram": "^2.0.0" } }, "sha512-nfWIXHEaB+HdyslAfMxSqWKDdmqY9I32jS7GnqpdWQnLH89r6A5sdk3fDVYqGAZ0CrT8ovAFSAo6HRiWcWNIGQ=="],

    "tslib": ["tslib@2.6.3", "", {}, "sha512-xNvxJEOUiWPGhUuUdQgAJPKOOJfGnIyKySOc09XkKsgdUV/3E2zvwZYdejjmRgPCgcym1juLH3226yA7sEFJKQ=="],

    "typescript": ["typescript@5.8.3", "", { "bin": { "tsc": "bin/tsc", "tsserver": "bin/tsserver" } }, "sha512-p1diW6TqL9L07nNxvRMM7hMMw4c5XOo/1ibL4aAIGmSAt9slTE1Xgw5KWuof2uTOvCg9BY7ZRi+GaF+7sfgPeQ=="],

    "undici-types": ["undici-types@5.26.5", "", {}, "sha512-JlCMO+ehdEIKqlFxk6IfVoAUVmgz7cU7zD/h9XZ0qzeosSHmUJVOzSQvvYSYWXkFXC+IfLKSIffhv0sVZup6pA=="],

    "xtend": ["xtend@4.0.2", "", {}, "sha512-LKYU1iAXJXUgAXn9URjiu+MWhyUXHsvfp7mcuYm9dSUKK0/CjtrUwFAxD82/mCWbtLsGjFIad0wIsod4zrTAEQ=="],
  }
}
